
Microsoft Visual Studio Solution File, Format Version 12.00
# Visual Studio Version 17
VisualStudioVersion = 17.6.33829.357
MinimumVisualStudioVersion = 10.0.40219.1
Project("{FAE04EC0-301F-11D3-BF4B-00C04F79EFBC}") = "AspNetTestAssignment", "AspNetTestAssignment\AspNetTestAssignment.csproj", "{5A5DA97E-BA10-49B2-9C47-203897F5554A}"
EndProject
Global
	GlobalSection(SolutionConfigurationPlatforms) = preSolution
		Debug|Any CPU = Debug|Any CPU
		Release|Any CPU = Release|Any CPU
	EndGlobalSection
	GlobalSection(ProjectConfigurationPlatforms) = postSolution
		{5A5DA97E-BA10-49B2-9C47-203897F5554A}.Debug|Any CPU.ActiveCfg = Debug|Any CPU
		{5A5DA97E-BA10-49B2-9C47-203897F5554A}.Debug|Any CPU.Build.0 = Debug|Any CPU
		{5A5DA97E-BA10-49B2-9C47-203897F5554A}.Release|Any CPU.ActiveCfg = Release|Any CPU
		{5A5DA97E-BA10-49B2-9C47-203897F5554A}.Release|Any CPU.Build.0 = Release|Any CPU
	EndGlobalSection
	GlobalSection(SolutionProperties) = preSolution
		HideSolutionNode = FALSE
	EndGlobalSection
	GlobalSection(ExtensibilityGlobals) = postSolution
		SolutionGuid = {14FBB1A8-25C4-4A1B-99C5-CD9AC2EE3F55}
	EndGlobalSection
EndGlobal
